
Microsoft Visual Studio Solution File, Format Version 12.00
# Visual Studio Version 17
VisualStudioVersion = 17.3.32929.385
MinimumVisualStudioVersion = 10.0.40219.1
Project("{FAE04EC0-301F-11D3-BF4B-00C04F79EFBC}") = "VMTranslator", "VMTranslator\VMTranslator.csproj", "{DBA74521-91EE-4411-A6A9-A4C0F523F054}"
EndProject
Global
	GlobalSection(SolutionConfigurationPlatforms) = preSolution
		Debug|Any CPU = Debug|Any CPU
		Release|Any CPU = Release|Any CPU
	EndGlobalSection
	GlobalSection(ProjectConfigurationPlatforms) = postSolution
		{DBA74521-91EE-4411-A6A9-A4C0F523F054}.Debug|Any CPU.ActiveCfg = Debug|Any CPU
		{DBA74521-91EE-4411-A6A9-A4C0F523F054}.Debug|Any CPU.Build.0 = Debug|Any CPU
		{DBA74521-91EE-4411-A6A9-A4C0F523F054}.Release|Any CPU.ActiveCfg = Release|Any CPU
		{DBA74521-91EE-4411-A6A9-A4C0F523F054}.Release|Any CPU.Build.0 = Release|Any CPU
	EndGlobalSection
	GlobalSection(SolutionProperties) = preSolution
		HideSolutionNode = FALSE
	EndGlobalSection
	GlobalSection(ExtensibilityGlobals) = postSolution
		SolutionGuid = {A336AE51-2BC6-4B3A-8EBC-BC07186F6FEB}
	EndGlobalSection
EndGlobal
